
Microsoft Visual Studio Solution File, Format Version 12.00
# Visual Studio Version 17
VisualStudioVersion = 17.9.34714.143
MinimumVisualStudioVersion = 10.0.40219.1
Project("{2150E333-8FDC-42A3-9474-1A3956D46DE8}") = "LinuxUI", "LinuxUI", "{D3A614B6-0CEC-4DB3-9114-A9A3C1B0DA06}"
EndProject
Project("{2150E333-8FDC-42A3-9474-1A3956D46DE8}") = "Элементы решения", "Элементы решения", "{A8F964A0-C4DC-4BF8-A298-CE9B6B7779DD}"
	ProjectSection(SolutionItems) = preProject
		README.md = README.md
	EndProjectSection
EndProject
Project("{9A19103F-16F7-4668-BE54-9A1E7A4F7556}") = "UniversalUnlockTool.WPF.WindowUI", "UniversalUnlockTool.WPF.WindowUI\UniversalUnlockTool.WPF.WindowUI.csproj", "{15DFD414-A7D6-4F37-B607-2BDBB6B64E65}"
EndProject
Project("{FAE04EC0-301F-11D3-BF4B-00C04F79EFBC}") = "UniversalUnlockTool.Model", "UniversalUnlockTool.Model\UniversalUnlockTool.Model.csproj", "{5FC53A7C-E59D-4CD9-B6A3-6E7FAE7CBA4D}"
EndProject
Global
	GlobalSection(SolutionConfigurationPlatforms) = preSolution
		Debug|Any CPU = Debug|Any CPU
		Release|Any CPU = Release|Any CPU
	EndGlobalSection
	GlobalSection(ProjectConfigurationPlatforms) = postSolution
		{15DFD414-A7D6-4F37-B607-2BDBB6B64E65}.Debug|Any CPU.ActiveCfg = Debug|Any CPU
		{15DFD414-A7D6-4F37-B607-2BDBB6B64E65}.Debug|Any CPU.Build.0 = Debug|Any CPU
		{15DFD414-A7D6-4F37-B607-2BDBB6B64E65}.Release|Any CPU.ActiveCfg = Release|Any CPU
		{15DFD414-A7D6-4F37-B607-2BDBB6B64E65}.Release|Any CPU.Build.0 = Release|Any CPU
		{5FC53A7C-E59D-4CD9-B6A3-6E7FAE7CBA4D}.Debug|Any CPU.ActiveCfg = Debug|Any CPU
		{5FC53A7C-E59D-4CD9-B6A3-6E7FAE7CBA4D}.Debug|Any CPU.Build.0 = Debug|Any CPU
		{5FC53A7C-E59D-4CD9-B6A3-6E7FAE7CBA4D}.Release|Any CPU.ActiveCfg = Release|Any CPU
		{5FC53A7C-E59D-4CD9-B6A3-6E7FAE7CBA4D}.Release|Any CPU.Build.0 = Release|Any CPU
	EndGlobalSection
	GlobalSection(SolutionProperties) = preSolution
		HideSolutionNode = FALSE
	EndGlobalSection
	GlobalSection(ExtensibilityGlobals) = postSolution
		SolutionGuid = {57C54CD6-C52E-450D-9F18-4841AE41ABD5}
	EndGlobalSection
EndGlobal
